
Microsoft Visual Studio Solution File, Format Version 12.00
# Visual Studio Version 17
VisualStudioVersion = 17.10.35013.160
MinimumVisualStudioVersion = 10.0.40219.1
Project("{FAE04EC0-301F-11D3-BF4B-00C04F79EFBC}") = "dz_3", "dz_3\dz_3.csproj", "{3242CA2D-DB7A-4F06-A1E5-F54B6375680D}"
EndProject
Global
	GlobalSection(SolutionConfigurationPlatforms) = preSolution
		Debug|Any CPU = Debug|Any CPU
		Release|Any CPU = Release|Any CPU
	EndGlobalSection
	GlobalSection(ProjectConfigurationPlatforms) = postSolution
		{3242CA2D-DB7A-4F06-A1E5-F54B6375680D}.Debug|Any CPU.ActiveCfg = Debug|Any CPU
		{3242CA2D-DB7A-4F06-A1E5-F54B6375680D}.Debug|Any CPU.Build.0 = Debug|Any CPU
		{3242CA2D-DB7A-4F06-A1E5-F54B6375680D}.Release|Any CPU.ActiveCfg = Release|Any CPU
		{3242CA2D-DB7A-4F06-A1E5-F54B6375680D}.Release|Any CPU.Build.0 = Release|Any CPU
	EndGlobalSection
	GlobalSection(SolutionProperties) = preSolution
		HideSolutionNode = FALSE
	EndGlobalSection
	GlobalSection(ExtensibilityGlobals) = postSolution
		SolutionGuid = {9EDBBB37-010C-41A8-87A6-BE3B9FD396D8}
	EndGlobalSection
EndGlobal
